{
  "version": 1,
  "dependencies": {
    "net10.0-windows7.0": {
      "DalamudPackager": {
        "type": "Direct",
        "requested": "[15.0.0, )",
        "resolved": "15.0.0",
        "contentHash": "411vwC8/X8Z/sQ2TI6v3SvOn66xFPeOjFn3Zn+h0d3Ox2t1kFm66AhDvmx/qcMwVrR+Hidxj0dadpQ2dgyXMBQ=="
      },
      "DotNet.ReproducibleBuilds": {
        "type": "Direct",
        "requested": "[2.0.5, )",
        "resolved": "2.0.5",
        "contentHash": "8LrlvI1KpjjJ4VGSqZ16yoOCKlQnYS+Y8rYNifNrscmVh5anJcF9E4e0NiDP30BHBMUbkoJ5KdcxoRWM7Pz9Aw=="
      },
      "HQIPC": {
        "type": "Direct",
        "requested": "[1.1.2, )",
        "resolved": "1.1.2",
        "contentHash": "44vBcc2qATHjTdwWrK5rj1hm+AsNMtlJ7ZPtIMiq3OxLcZ+bvLpIKAC6yxkwsBfAO3CEVeE5Xw2PIz9X4Nr6Xw=="
      },
      "morelinq": {
        "type": "Direct",
        "requested": "[4.4.0, )",
        "resolved": "4.4.0",
        "contentHash": "QX3bsK9oFeUXk8tFsc9NkI6NnCr8Ar/ex027p+ZZ/jdLCdX2RlryDtxUqZW5j45NVwn4E4Z4hzupsoMQd6Yxtg=="
      },
      "Newtonsoft.Json": {
        "type": "Direct",
        "requested": "[13.0.4, )",
        "resolved": "13.0.4",
        "contentHash": "pdgNNMai3zv51W5aq268sujXUyx7SNdE2bj1wZcWjAQrKMFZV260lbqYop1d2GM67JI1huLRwxo9ZqnfF/lC6A=="
      },
      "Penumbra.Api": {
        "type": "Direct",
        "requested": "[5.15.1, )",
        "resolved": "5.15.1",
        "contentHash": "3ikk0zIOaLm2n3nZRQpW3xaRQ2cq/TOOEApNUjYXolqbyvCrZVGXhdQulcssNUbo0AMQ81l+cf7OfqRceeRBcg=="
      },
      "Sep": {
        "type": "Direct",
        "requested": "[0.17.0, )",
        "resolved": "0.17.0",
        "contentHash": "PIgPSSkdpNUdePH1rrUGF6BRw4916GpJLUtqw94vU3qcCqpLqmbICf3M0bnG7XZ3yc8TXotQx7PjmTqXqpktAA==",
        "dependencies": {
          "csFastFloat": "4.1.6"
        }
      },
      "csFastFloat": {
        "type": "Transitive",
        "resolved": "4.1.6",
        "contentHash": "ktLZtwatP5eTJc5bTWXa4xhLS7npzyIQKEkMEAE5zGHdx3WL8RNDEZWM7xT3Hkb8VkFoDfsHGWKdNRyueHb1QA=="
      }
    }
  }
}