{
  "version": 1,
  "dependencies": {
    "net10.0-windows7.0": {
      "CheapLoc": {
        "type": "Direct",
        "requested": "[1.1.8, )",
        "resolved": "1.1.8",
        "contentHash": "b6p8ct7RuSspsNB8kOSCNDv7l7PsDrdaxrbtLcC5PfWK5hquRenFugV/yHhfhd2rH4B28+TaBqVxi8qCfvtQZg==",
        "dependencies": {
          "Mono.Cecil": "0.11.3",
          "Newtonsoft.Json": "12.0.2"
        }
      },
      "DalamudPackager": {
        "type": "Direct",
        "requested": "[15.0.0, )",
        "resolved": "15.0.0",
        "contentHash": "411vwC8/X8Z/sQ2TI6v3SvOn66xFPeOjFn3Zn+h0d3Ox2t1kFm66AhDvmx/qcMwVrR+Hidxj0dadpQ2dgyXMBQ=="
      },
      "DotNet.ReproducibleBuilds": {
        "type": "Direct",
        "requested": "[2.0.5, )",
        "resolved": "2.0.5",
        "contentHash": "8LrlvI1KpjjJ4VGSqZ16yoOCKlQnYS+Y8rYNifNrscmVh5anJcF9E4e0NiDP30BHBMUbkoJ5KdcxoRWM7Pz9Aw=="
      },
      "Newtonsoft.Json": {
        "type": "Direct",
        "requested": "[13.0.4, )",
        "resolved": "13.0.4",
        "contentHash": "pdgNNMai3zv51W5aq268sujXUyx7SNdE2bj1wZcWjAQrKMFZV260lbqYop1d2GM67JI1huLRwxo9ZqnfF/lC6A=="
      },
      "Penumbra.Api": {
        "type": "Direct",
        "requested": "[5.19.1, )",
        "resolved": "5.19.1",
        "contentHash": "QPoOajzNZJblbaKegp5XsFS+1MsU7QiOlH5lljykr5kepVdCQBFh5RB5pR7gXFGy3MzziIKo5hnh1KHqQrfeTg=="
      },
      "Mono.Cecil": {
        "type": "Transitive",
        "resolved": "0.11.3",
        "contentHash": "DNYE+io5XfEE8+E+5padThTPHJARJHbz1mhbhMPNrrWGKVKKqj/KEeLvbawAmbIcT73NuxLV7itHZaYCZcVWGg=="
      }
    }
  }
}